
Microsoft Visual Studio Solution File, Format Version 12.00
# Visual Studio Version 17
VisualStudioVersion = 17.4.33205.214
MinimumVisualStudioVersion = 10.0.40219.1
Project("{9A19103F-16F7-4668-BE54-9A1E7A4F7556}") = "ImaginariaSalaryCalculator", "ImaginariaSalaryCalculator\ImaginariaSalaryCalculator.csproj", "{1519F526-25A6-462F-9249-26F5266B3556}"
EndProject
Project("{9A19103F-16F7-4668-BE54-9A1E7A4F7556}") = "ImaginariaSalaryCalculator.Tests", "ImaginariaSalaryCalculator.Tests\ImaginariaSalaryCalculator.Tests.csproj", "{45A0D040-74AE-48A1-AEF8-59D58E40E2DD}"
EndProject
Project("{E53339B2-1760-4266-BCC7-CA923CBCF16C}") = "docker-compose", "docker-compose.dcproj", "{EBCC4C1F-0B51-49CA-8F74-5628E8255CEB}"
EndProject
Global
	GlobalSection(SolutionConfigurationPlatforms) = preSolution
		Debug|Any CPU = Debug|Any CPU
		Release|Any CPU = Release|Any CPU
	EndGlobalSection
	GlobalSection(ProjectConfigurationPlatforms) = postSolution
		{1519F526-25A6-462F-9249-26F5266B3556}.Debug|Any CPU.ActiveCfg = Debug|Any CPU
		{1519F526-25A6-462F-9249-26F5266B3556}.Debug|Any CPU.Build.0 = Debug|Any CPU
		{1519F526-25A6-462F-9249-26F5266B3556}.Release|Any CPU.ActiveCfg = Release|Any CPU
		{1519F526-25A6-462F-9249-26F5266B3556}.Release|Any CPU.Build.0 = Release|Any CPU
		{45A0D040-74AE-48A1-AEF8-59D58E40E2DD}.Debug|Any CPU.ActiveCfg = Debug|Any CPU
		{45A0D040-74AE-48A1-AEF8-59D58E40E2DD}.Debug|Any CPU.Build.0 = Debug|Any CPU
		{45A0D040-74AE-48A1-AEF8-59D58E40E2DD}.Release|Any CPU.ActiveCfg = Release|Any CPU
		{45A0D040-74AE-48A1-AEF8-59D58E40E2DD}.Release|Any CPU.Build.0 = Release|Any CPU
		{EBCC4C1F-0B51-49CA-8F74-5628E8255CEB}.Debug|Any CPU.ActiveCfg = Debug|Any CPU
		{EBCC4C1F-0B51-49CA-8F74-5628E8255CEB}.Debug|Any CPU.Build.0 = Debug|Any CPU
		{EBCC4C1F-0B51-49CA-8F74-5628E8255CEB}.Release|Any CPU.ActiveCfg = Release|Any CPU
		{EBCC4C1F-0B51-49CA-8F74-5628E8255CEB}.Release|Any CPU.Build.0 = Release|Any CPU
	EndGlobalSection
	GlobalSection(SolutionProperties) = preSolution
		HideSolutionNode = FALSE
	EndGlobalSection
	GlobalSection(ExtensibilityGlobals) = postSolution
		SolutionGuid = {C6E968AC-9778-48CC-8A89-F7C3CE30A6CF}
	EndGlobalSection
EndGlobal
